
Microsoft Visual Studio Solution File, Format Version 12.00
# Visual Studio Version 16
VisualStudioVersion = 16.0.29519.87
MinimumVisualStudioVersion = 10.0.40219.1
Project("{FAE04EC0-301F-11D3-BF4B-00C04F79EFBC}") = "stor", "stor\stor.csproj", "{76B0C28A-0E80-4E1E-9CDC-DDEC2A5DB0F8}"
EndProject
Global
	GlobalSection(SolutionConfigurationPlatforms) = preSolution
		Debug|Any CPU = Debug|Any CPU
		Release|Any CPU = Release|Any CPU
	EndGlobalSection
	GlobalSection(ProjectConfigurationPlatforms) = postSolution
		{76B0C28A-0E80-4E1E-9CDC-DDEC2A5DB0F8}.Debug|Any CPU.ActiveCfg = Debug|Any CPU
		{76B0C28A-0E80-4E1E-9CDC-DDEC2A5DB0F8}.Debug|Any CPU.Build.0 = Debug|Any CPU
		{76B0C28A-0E80-4E1E-9CDC-DDEC2A5DB0F8}.Release|Any CPU.ActiveCfg = Release|Any CPU
		{76B0C28A-0E80-4E1E-9CDC-DDEC2A5DB0F8}.Release|Any CPU.Build.0 = Release|Any CPU
	EndGlobalSection
	GlobalSection(SolutionProperties) = preSolution
		HideSolutionNode = FALSE
	EndGlobalSection
	GlobalSection(ExtensibilityGlobals) = postSolution
		SolutionGuid = {D53FF89C-540B-411E-B290-A3ECE6EF3FE4}
	EndGlobalSection
EndGlobal
